
Microsoft Visual Studio Solution File, Format Version 12.00
# Visual Studio Version 16
VisualStudioVersion = 16.0.30011.22
MinimumVisualStudioVersion = 10.0.40219.1
Project("{9A19103F-16F7-4668-BE54-9A1E7A4F7556}") = "DAL", "DAL\DAL.csproj", "{F361714D-4F7F-484C-B9AE-7AB7F81E726B}"
EndProject
Project("{9A19103F-16F7-4668-BE54-9A1E7A4F7556}") = "BLL", "BLL\BLL.csproj", "{E4CF7C14-44BA-42C3-B5A9-B41C1D476C22}"
EndProject
Project("{9A19103F-16F7-4668-BE54-9A1E7A4F7556}") = "PL", "PL\PL.csproj", "{30E3485A-61EA-4A5A-A06B-88B01DB39D1B}"
EndProject
Project("{FAE04EC0-301F-11D3-BF4B-00C04F79EFBC}") = "PL.Tests", "PL.Tests\PL.Tests.csproj", "{906C0E10-C42C-460D-B5D4-6F6308B891FE}"
EndProject
Global
	GlobalSection(SolutionConfigurationPlatforms) = preSolution
		Debug|Any CPU = Debug|Any CPU
		Release|Any CPU = Release|Any CPU
	EndGlobalSection
	GlobalSection(ProjectConfigurationPlatforms) = postSolution
		{F361714D-4F7F-484C-B9AE-7AB7F81E726B}.Debug|Any CPU.ActiveCfg = Debug|Any CPU
		{F361714D-4F7F-484C-B9AE-7AB7F81E726B}.Debug|Any CPU.Build.0 = Debug|Any CPU
		{F361714D-4F7F-484C-B9AE-7AB7F81E726B}.Release|Any CPU.ActiveCfg = Release|Any CPU
		{F361714D-4F7F-484C-B9AE-7AB7F81E726B}.Release|Any CPU.Build.0 = Release|Any CPU
		{E4CF7C14-44BA-42C3-B5A9-B41C1D476C22}.Debug|Any CPU.ActiveCfg = Debug|Any CPU
		{E4CF7C14-44BA-42C3-B5A9-B41C1D476C22}.Debug|Any CPU.Build.0 = Debug|Any CPU
		{E4CF7C14-44BA-42C3-B5A9-B41C1D476C22}.Release|Any CPU.ActiveCfg = Release|Any CPU
		{E4CF7C14-44BA-42C3-B5A9-B41C1D476C22}.Release|Any CPU.Build.0 = Release|Any CPU
		{30E3485A-61EA-4A5A-A06B-88B01DB39D1B}.Debug|Any CPU.ActiveCfg = Debug|Any CPU
		{30E3485A-61EA-4A5A-A06B-88B01DB39D1B}.Debug|Any CPU.Build.0 = Debug|Any CPU
		{30E3485A-61EA-4A5A-A06B-88B01DB39D1B}.Release|Any CPU.ActiveCfg = Release|Any CPU
		{30E3485A-61EA-4A5A-A06B-88B01DB39D1B}.Release|Any CPU.Build.0 = Release|Any CPU
		{906C0E10-C42C-460D-B5D4-6F6308B891FE}.Debug|Any CPU.ActiveCfg = Debug|Any CPU
		{906C0E10-C42C-460D-B5D4-6F6308B891FE}.Debug|Any CPU.Build.0 = Debug|Any CPU
		{906C0E10-C42C-460D-B5D4-6F6308B891FE}.Release|Any CPU.ActiveCfg = Release|Any CPU
		{906C0E10-C42C-460D-B5D4-6F6308B891FE}.Release|Any CPU.Build.0 = Release|Any CPU
	EndGlobalSection
	GlobalSection(SolutionProperties) = preSolution
		HideSolutionNode = FALSE
	EndGlobalSection
	GlobalSection(ExtensibilityGlobals) = postSolution
		SolutionGuid = {09E41DFC-492F-4EBC-9546-825674F912BA}
	EndGlobalSection
EndGlobal
